
Microsoft Visual Studio Solution File, Format Version 12.00
# Visual Studio Version 16
VisualStudioVersion = 16.0.31410.357
MinimumVisualStudioVersion = 10.0.40219.1
Project("{2150E333-8FDC-42A3-9474-1A3956D46DE8}") = "Core", "Core", "{187FFABF-993F-4CED-980D-BB276EA7F50A}"
EndProject
Project("{2150E333-8FDC-42A3-9474-1A3956D46DE8}") = "Infrastructure", "Infrastructure", "{A8E7E9D1-828F-4ADF-9724-F42A1491D12D}"
EndProject
Project("{2150E333-8FDC-42A3-9474-1A3956D46DE8}") = "Presentation", "Presentation", "{560759D5-BF2C-4337-A88A-151BD6AA1E42}"
EndProject
Project("{FAE04EC0-301F-11D3-BF4B-00C04F79EFBC}") = "Domain", "Domain\Domain.csproj", "{7CAA46B3-E495-4E53-AE12-271416DA4FCE}"
EndProject
Project("{FAE04EC0-301F-11D3-BF4B-00C04F79EFBC}") = "Application", "Application\Application.csproj", "{5A7FEB5F-5BD2-4AD9-87DB-D1660161BEFF}"
EndProject
Project("{FAE04EC0-301F-11D3-BF4B-00C04F79EFBC}") = "Persistence", "Persistence\Persistence.csproj", "{350B02CD-697A-47CC-AC82-D4601DF98D53}"
EndProject
Project("{FAE04EC0-301F-11D3-BF4B-00C04F79EFBC}") = "WebAPI", "WebAPI\WebAPI.csproj", "{81CB448D-5EED-4634-A0A9-F0A922DC2FB9}"
EndProject
Global
	GlobalSection(SolutionConfigurationPlatforms) = preSolution
		Debug|Any CPU = Debug|Any CPU
		Release|Any CPU = Release|Any CPU
	EndGlobalSection
	GlobalSection(ProjectConfigurationPlatforms) = postSolution
		{7CAA46B3-E495-4E53-AE12-271416DA4FCE}.Debug|Any CPU.ActiveCfg = Debug|Any CPU
		{7CAA46B3-E495-4E53-AE12-271416DA4FCE}.Debug|Any CPU.Build.0 = Debug|Any CPU
		{7CAA46B3-E495-4E53-AE12-271416DA4FCE}.Release|Any CPU.ActiveCfg = Release|Any CPU
		{7CAA46B3-E495-4E53-AE12-271416DA4FCE}.Release|Any CPU.Build.0 = Release|Any CPU
		{5A7FEB5F-5BD2-4AD9-87DB-D1660161BEFF}.Debug|Any CPU.ActiveCfg = Debug|Any CPU
		{5A7FEB5F-5BD2-4AD9-87DB-D1660161BEFF}.Debug|Any CPU.Build.0 = Debug|Any CPU
		{5A7FEB5F-5BD2-4AD9-87DB-D1660161BEFF}.Release|Any CPU.ActiveCfg = Release|Any CPU
		{5A7FEB5F-5BD2-4AD9-87DB-D1660161BEFF}.Release|Any CPU.Build.0 = Release|Any CPU
		{350B02CD-697A-47CC-AC82-D4601DF98D53}.Debug|Any CPU.ActiveCfg = Debug|Any CPU
		{350B02CD-697A-47CC-AC82-D4601DF98D53}.Debug|Any CPU.Build.0 = Debug|Any CPU
		{350B02CD-697A-47CC-AC82-D4601DF98D53}.Release|Any CPU.ActiveCfg = Release|Any CPU
		{350B02CD-697A-47CC-AC82-D4601DF98D53}.Release|Any CPU.Build.0 = Release|Any CPU
		{81CB448D-5EED-4634-A0A9-F0A922DC2FB9}.Debug|Any CPU.ActiveCfg = Debug|Any CPU
		{81CB448D-5EED-4634-A0A9-F0A922DC2FB9}.Debug|Any CPU.Build.0 = Debug|Any CPU
		{81CB448D-5EED-4634-A0A9-F0A922DC2FB9}.Release|Any CPU.ActiveCfg = Release|Any CPU
		{81CB448D-5EED-4634-A0A9-F0A922DC2FB9}.Release|Any CPU.Build.0 = Release|Any CPU
	EndGlobalSection
	GlobalSection(SolutionProperties) = preSolution
		HideSolutionNode = FALSE
	EndGlobalSection
	GlobalSection(NestedProjects) = preSolution
		{7CAA46B3-E495-4E53-AE12-271416DA4FCE} = {187FFABF-993F-4CED-980D-BB276EA7F50A}
		{5A7FEB5F-5BD2-4AD9-87DB-D1660161BEFF} = {187FFABF-993F-4CED-980D-BB276EA7F50A}
		{350B02CD-697A-47CC-AC82-D4601DF98D53} = {A8E7E9D1-828F-4ADF-9724-F42A1491D12D}
		{81CB448D-5EED-4634-A0A9-F0A922DC2FB9} = {560759D5-BF2C-4337-A88A-151BD6AA1E42}
	EndGlobalSection
	GlobalSection(ExtensibilityGlobals) = postSolution
		SolutionGuid = {4D57E20E-2A45-49D7-88BD-9ECFE68AF555}
	EndGlobalSection
EndGlobal
