
Microsoft Visual Studio Solution File, Format Version 12.00
# Visual Studio Version 16
VisualStudioVersion = 16.0.31410.357
MinimumVisualStudioVersion = 10.0.40219.1
Project("{2150E333-8FDC-42A3-9474-1A3956D46DE8}") = "Core", "Core", "{187FFABF-993F-4CED-980D-BB276EA7F50A}"
EndProject
Project("{2150E333-8FDC-42A3-9474-1A3956D46DE8}") = "Infrastructure", "Infrastructure", "{A8E7E9D1-828F-4ADF-9724-F42A1491D12D}"
EndProject
Project("{2150E333-8FDC-42A3-9474-1A3956D46DE8}") = "Presentation", "Presentation", "{560759D5-BF2C-4337-A88A-151BD6AA1E42}"
EndProject
Project("{2150E333-8FDC-42A3-9474-1A3956D46DE8}") = "Source", "Source", "{CD77305B-1020-41E0-A343-A9E075B308BE}"
EndProject
Project("{2150E333-8FDC-42A3-9474-1A3956D46DE8}") = "Docs", "Docs", "{98EEE12D-8248-4BFF-BD9B-D862D6D8234C}"
	ProjectSection(SolutionItems) = preProject
		Notes.md = Notes.md
		README.md = README.md
	EndProjectSection
EndProject
Project("{9A19103F-16F7-4668-BE54-9A1E7A4F7556}") = "Domain", "src\Domain\Domain.csproj", "{69F6DBA4-C758-4A8C-AB35-111648BB0705}"
EndProject
Project("{9A19103F-16F7-4668-BE54-9A1E7A4F7556}") = "Application", "src\Application\Application.csproj", "{E46AD54D-C2C9-4F89-9E9F-15C0C083854D}"
EndProject
Project("{9A19103F-16F7-4668-BE54-9A1E7A4F7556}") = "Persistence", "src\Persistence\Persistence.csproj", "{688BE201-1BB3-4ECF-9399-CB0CFD6A6002}"
EndProject
Project("{9A19103F-16F7-4668-BE54-9A1E7A4F7556}") = "WebAPI", "src\WebAPI\WebAPI.csproj", "{C1A7D3BA-95A6-499A-88E0-48685615A471}"
EndProject
Project("{2150E333-8FDC-42A3-9474-1A3956D46DE8}") = "Shared", "Shared", "{9928BD1A-84D7-4FB4-AB88-55568C4C90D4}"
EndProject
Project("{9A19103F-16F7-4668-BE54-9A1E7A4F7556}") = "Shared", "src\Shared\Shared.csproj", "{69BF3D8D-2500-41F9-9742-9D6468736EA6}"
EndProject
Global
	GlobalSection(SolutionConfigurationPlatforms) = preSolution
		Debug|Any CPU = Debug|Any CPU
		Release|Any CPU = Release|Any CPU
	EndGlobalSection
	GlobalSection(ProjectConfigurationPlatforms) = postSolution
		{69F6DBA4-C758-4A8C-AB35-111648BB0705}.Debug|Any CPU.ActiveCfg = Debug|Any CPU
		{69F6DBA4-C758-4A8C-AB35-111648BB0705}.Debug|Any CPU.Build.0 = Debug|Any CPU
		{69F6DBA4-C758-4A8C-AB35-111648BB0705}.Release|Any CPU.ActiveCfg = Release|Any CPU
		{69F6DBA4-C758-4A8C-AB35-111648BB0705}.Release|Any CPU.Build.0 = Release|Any CPU
		{E46AD54D-C2C9-4F89-9E9F-15C0C083854D}.Debug|Any CPU.ActiveCfg = Debug|Any CPU
		{E46AD54D-C2C9-4F89-9E9F-15C0C083854D}.Debug|Any CPU.Build.0 = Debug|Any CPU
		{E46AD54D-C2C9-4F89-9E9F-15C0C083854D}.Release|Any CPU.ActiveCfg = Release|Any CPU
		{E46AD54D-C2C9-4F89-9E9F-15C0C083854D}.Release|Any CPU.Build.0 = Release|Any CPU
		{688BE201-1BB3-4ECF-9399-CB0CFD6A6002}.Debug|Any CPU.ActiveCfg = Debug|Any CPU
		{688BE201-1BB3-4ECF-9399-CB0CFD6A6002}.Debug|Any CPU.Build.0 = Debug|Any CPU
		{688BE201-1BB3-4ECF-9399-CB0CFD6A6002}.Release|Any CPU.ActiveCfg = Release|Any CPU
		{688BE201-1BB3-4ECF-9399-CB0CFD6A6002}.Release|Any CPU.Build.0 = Release|Any CPU
		{C1A7D3BA-95A6-499A-88E0-48685615A471}.Debug|Any CPU.ActiveCfg = Debug|Any CPU
		{C1A7D3BA-95A6-499A-88E0-48685615A471}.Debug|Any CPU.Build.0 = Debug|Any CPU
		{C1A7D3BA-95A6-499A-88E0-48685615A471}.Release|Any CPU.ActiveCfg = Release|Any CPU
		{C1A7D3BA-95A6-499A-88E0-48685615A471}.Release|Any CPU.Build.0 = Release|Any CPU
		{69BF3D8D-2500-41F9-9742-9D6468736EA6}.Debug|Any CPU.ActiveCfg = Debug|Any CPU
		{69BF3D8D-2500-41F9-9742-9D6468736EA6}.Debug|Any CPU.Build.0 = Debug|Any CPU
		{69BF3D8D-2500-41F9-9742-9D6468736EA6}.Release|Any CPU.ActiveCfg = Release|Any CPU
		{69BF3D8D-2500-41F9-9742-9D6468736EA6}.Release|Any CPU.Build.0 = Release|Any CPU
	EndGlobalSection
	GlobalSection(SolutionProperties) = preSolution
		HideSolutionNode = FALSE
	EndGlobalSection
	GlobalSection(NestedProjects) = preSolution
		{187FFABF-993F-4CED-980D-BB276EA7F50A} = {CD77305B-1020-41E0-A343-A9E075B308BE}
		{A8E7E9D1-828F-4ADF-9724-F42A1491D12D} = {CD77305B-1020-41E0-A343-A9E075B308BE}
		{560759D5-BF2C-4337-A88A-151BD6AA1E42} = {CD77305B-1020-41E0-A343-A9E075B308BE}
		{69F6DBA4-C758-4A8C-AB35-111648BB0705} = {187FFABF-993F-4CED-980D-BB276EA7F50A}
		{E46AD54D-C2C9-4F89-9E9F-15C0C083854D} = {187FFABF-993F-4CED-980D-BB276EA7F50A}
		{688BE201-1BB3-4ECF-9399-CB0CFD6A6002} = {A8E7E9D1-828F-4ADF-9724-F42A1491D12D}
		{C1A7D3BA-95A6-499A-88E0-48685615A471} = {560759D5-BF2C-4337-A88A-151BD6AA1E42}
		{9928BD1A-84D7-4FB4-AB88-55568C4C90D4} = {CD77305B-1020-41E0-A343-A9E075B308BE}
		{69BF3D8D-2500-41F9-9742-9D6468736EA6} = {9928BD1A-84D7-4FB4-AB88-55568C4C90D4}
	EndGlobalSection
	GlobalSection(ExtensibilityGlobals) = postSolution
		SolutionGuid = {4D57E20E-2A45-49D7-88BD-9ECFE68AF555}
	EndGlobalSection
EndGlobal
